{
  "lockfileVersion": 1,
  "configVersion": 1,
  "workspaces": {
    "": {
      "name": "gas-calendar-sync",
      "devDependencies": {
        "@types/google-apps-script": "^1.0.99",
        "typescript": "^5.8.3",
      },
    },
  },
  "packages": {
    "@types/google-apps-script": ["@types/google-apps-script@1.0.100", "", {}, "sha512-POgcjcDbrjYJYf3Av6j5n+z9/z/WulCNh9Gj199HgrcgRLzcQLg5ALw6jdWcgBkzgTLNYZSe7/01aOfiNzzn9g=="],

    "typescript": ["typescript@5.9.3", "", { "bin": { "tsc": "bin/tsc", "tsserver": "bin/tsserver" } }, "sha512-jl1vZzPDinLr9eUt3J/t7V6FgNEw9QjvBPdysz9KfQDD41fQrC2Y4vKQdiaUpFT4bXlb1RHhLpp8wtm6M5TgSw=="],
  }
}
